
Microsoft Visual Studio Solution File, Format Version 12.00
# Visual Studio Version 17
VisualStudioVersion = 17.14.36705.20 d17.14
MinimumVisualStudioVersion = 10.0.40219.1
Project("{FAE04EC0-301F-11D3-BF4B-00C04F79EFBC}") = "MediaAlunos", "ConsoleApp1\MediaAlunos.csproj", "{195652DD-5970-494A-B79D-D79ED045A044}"
EndProject
Global
	GlobalSection(SolutionConfigurationPlatforms) = preSolution
		Debug|Any CPU = Debug|Any CPU
		Release|Any CPU = Release|Any CPU
	EndGlobalSection
	GlobalSection(ProjectConfigurationPlatforms) = postSolution
		{195652DD-5970-494A-B79D-D79ED045A044}.Debug|Any CPU.ActiveCfg = Debug|Any CPU
		{195652DD-5970-494A-B79D-D79ED045A044}.Debug|Any CPU.Build.0 = Debug|Any CPU
		{195652DD-5970-494A-B79D-D79ED045A044}.Release|Any CPU.ActiveCfg = Release|Any CPU
		{195652DD-5970-494A-B79D-D79ED045A044}.Release|Any CPU.Build.0 = Release|Any CPU
	EndGlobalSection
	GlobalSection(SolutionProperties) = preSolution
		HideSolutionNode = FALSE
	EndGlobalSection
	GlobalSection(ExtensibilityGlobals) = postSolution
		SolutionGuid = {1B3ED2FF-52BC-4B94-A8C9-DE3DBF25C311}
	EndGlobalSection
EndGlobal
